
Microsoft Visual Studio Solution File, Format Version 12.00
# Visual Studio Version 17
VisualStudioVersion = 17.2.32630.192
MinimumVisualStudioVersion = 10.0.40219.1
Project("{9A19103F-16F7-4668-BE54-9A1E7A4F7556}") = "ChorbadzhiyskiKinesitherapy", "ChorbadzhiyskiKinesitherapy\ChorbadzhiyskiKinesitherapy.csproj", "{D6483B92-3E4A-455B-86FF-5363D78D228D}"
EndProject
Global
	GlobalSection(SolutionConfigurationPlatforms) = preSolution
		Debug|Any CPU = Debug|Any CPU
		Release|Any CPU = Release|Any CPU
	EndGlobalSection
	GlobalSection(ProjectConfigurationPlatforms) = postSolution
		{D6483B92-3E4A-455B-86FF-5363D78D228D}.Debug|Any CPU.ActiveCfg = Debug|Any CPU
		{D6483B92-3E4A-455B-86FF-5363D78D228D}.Debug|Any CPU.Build.0 = Debug|Any CPU
		{D6483B92-3E4A-455B-86FF-5363D78D228D}.Release|Any CPU.ActiveCfg = Release|Any CPU
		{D6483B92-3E4A-455B-86FF-5363D78D228D}.Release|Any CPU.Build.0 = Release|Any CPU
	EndGlobalSection
	GlobalSection(SolutionProperties) = preSolution
		HideSolutionNode = FALSE
	EndGlobalSection
	GlobalSection(ExtensibilityGlobals) = postSolution
		SolutionGuid = {B0947EE3-E2BD-4FA4-832B-9414FD017F39}
	EndGlobalSection
EndGlobal
